#============================================================
# Build by Terasic System Builder
#============================================================

set_global_assignment -name FAMILY "MAX 10 FPGA"
set_global_assignment -name DEVICE 10M50DAF484C7G
set_global_assignment -name TOP_LEVEL_ENTITY "keyboard_test"
set_global_assignment -name ORIGINAL_QUARTUS_VERSION "16.0.0"
set_global_assignment -name LAST_QUARTUS_VERSION "19.1.0 Lite Edition"
set_global_assignment -name PROJECT_CREATION_TIME_DATE "16:24:24 APRIL 16,2021"
set_global_assignment -name DEVICE_FILTER_PACKAGE FBGA
set_global_assignment -name DEVICE_FILTER_PIN_COUNT 484
set_global_assignment -name DEVICE_FILTER_SPEED_GRADE 7
set_global_assignment -name SDC_FILE keyboard_test.SDC

#============================================================
# LED
#============================================================
set_instance_assignment -name IO_STANDARD "3.3-V LVTTL" -to LEDR[0]
set_instance_assignment -name IO_STANDARD "3.3-V LVTTL" -to LEDR[1]
set_instance_assignment -name IO_STANDARD "3.3-V LVTTL" -to LEDR[2]
set_instance_assignment -name IO_STANDARD "3.3-V LVTTL" -to LEDR[3]
set_instance_assignment -name IO_STANDARD "3.3-V LVTTL" -to LEDR[4]
set_instance_assignment -name IO_STANDARD "3.3-V LVTTL" -to LEDR[5]
set_instance_assignment -name IO_STANDARD "3.3-V LVTTL" -to LEDR[6]
set_instance_assignment -name IO_STANDARD "3.3-V LVTTL" -to LEDR[7]
set_instance_assignment -name IO_STANDARD "3.3-V LVTTL" -to LEDR[8]
set_instance_assignment -name IO_STANDARD "3.3-V LVTTL" -to LEDR[9]
set_location_assignment PIN_A8 -to LEDR[0]
set_location_assignment PIN_A9 -to LEDR[1]
set_location_assignment PIN_A10 -to LEDR[2]
set_location_assignment PIN_B10 -to LEDR[3]
set_location_assignment PIN_D13 -to LEDR[4]
set_location_assignment PIN_C13 -to LEDR[5]
set_location_assignment PIN_E14 -to LEDR[6]
set_location_assignment PIN_D14 -to LEDR[7]
set_location_assignment PIN_A11 -to LEDR[8]
set_location_assignment PIN_B11 -to LEDR[9]

#============================================================
# Arduino
#============================================================
set_instance_assignment -name IO_STANDARD "3.3-V LVTTL" -to ARDUINO_IO[0]
set_instance_assignment -name IO_STANDARD "3.3-V LVTTL" -to ARDUINO_IO[1]
set_instance_assignment -name IO_STANDARD "3.3-V LVTTL" -to ARDUINO_IO[2]
set_instance_assignment -name IO_STANDARD "3.3-V LVTTL" -to ARDUINO_IO[3]
set_instance_assignment -name IO_STANDARD "3.3-V LVTTL" -to ARDUINO_IO[4]
set_instance_assignment -name IO_STANDARD "3.3-V LVTTL" -to ARDUINO_IO[5]
set_instance_assignment -name IO_STANDARD "3.3-V LVTTL" -to ARDUINO_IO[6]
set_instance_assignment -name IO_STANDARD "3.3-V LVTTL" -to ARDUINO_IO[7]
set_instance_assignment -name IO_STANDARD "3.3-V LVTTL" -to ARDUINO_IO[8]
set_instance_assignment -name IO_STANDARD "3.3-V LVTTL" -to ARDUINO_IO[9]
set_instance_assignment -name IO_STANDARD "3.3-V LVTTL" -to ARDUINO_IO[10]
set_instance_assignment -name IO_STANDARD "3.3-V LVTTL" -to ARDUINO_IO[13]
set_instance_assignment -name IO_STANDARD "3.3-V LVTTL" -to ARDUINO_IO[14]
set_instance_assignment -name IO_STANDARD "3.3-V LVTTL" -to ARDUINO_IO[15]
set_instance_assignment -name IO_STANDARD "3.3 V Schmitt Trigger" -to ARDUINO_RESET_N
set_location_assignment PIN_AB5 -to ARDUINO_IO[0]
set_location_assignment PIN_AB6 -to ARDUINO_IO[1]
set_location_assignment PIN_AB7 -to ARDUINO_IO[2]
set_location_assignment PIN_AB8 -to ARDUINO_IO[3]
set_location_assignment PIN_AB9 -to ARDUINO_IO[4]
set_location_assignment PIN_Y10 -to ARDUINO_IO[5]
set_location_assignment PIN_AA11 -to ARDUINO_IO[6]
set_location_assignment PIN_AA12 -to ARDUINO_IO[7]
set_location_assignment PIN_AB17 -to ARDUINO_IO[8]
set_location_assignment PIN_AA17 -to ARDUINO_IO[9]
set_location_assignment PIN_AB19 -to ARDUINO_IO[10]
set_location_assignment PIN_AB20 -to ARDUINO_IO[13]
set_location_assignment PIN_AB21 -to ARDUINO_IO[14]
set_location_assignment PIN_AA20 -to ARDUINO_IO[15]
set_location_assignment PIN_F16 -to ARDUINO_RESET_N

#============================================================
# End of pin assignments by Terasic System Builder
#============================================================


set_instance_assignment -name IO_STANDARD "3.3-V LVTTL" -to kClock
set_instance_assignment -name IO_STANDARD "3.3-V LVTTL" -to kData
set_location_assignment PIN_AA19 -to kClock
set_location_assignment PIN_Y19 -to kData
set_instance_assignment -name PARTITION_HIERARCHY root_partition -to | -section_id Top
set_global_assignment -name PARTITION_NETLIST_TYPE SOURCE -section_id Top
set_global_assignment -name PARTITION_FITTER_PRESERVATION_LEVEL PLACEMENT_AND_ROUTING -section_id Top
set_global_assignment -name PARTITION_COLOR 16764057 -section_id Top